Microsoft Visual Studio Solution File, Format Version 11.00
# Visual Studio 2008

Project("{57B963F9-B88A-EB6E-0AD3-09793CC59883}") = "Halochess", "Assembly-CSharp.csproj", "{F1DE6E1E-F6FA-0D90-ED79-FB37255DDD46}"
EndProject
Global
	GlobalSection(SolutionConfigurationPlatforms) = preSolution
		Debug|Any CPU = Debug|Any CPU
		Release|Any CPU = Release|Any CPU
	EndGlobalSection
	GlobalSection(ProjectConfigurationPlatforms) = postSolution
		{F1DE6E1E-F6FA-0D90-ED79-FB37255DDD46}.Debug|Any CPU.ActiveCfg = Debug|Any CPU
		{F1DE6E1E-F6FA-0D90-ED79-FB37255DDD46}.Debug|Any CPU.Build.0 = Debug|Any CPU
		{F1DE6E1E-F6FA-0D90-ED79-FB37255DDD46}.Release|Any CPU.ActiveCfg = Release|Any CPU
		{F1DE6E1E-F6FA-0D90-ED79-FB37255DDD46}.Release|Any CPU.Build.0 = Release|Any CPU
	EndGlobalSection
	GlobalSection(SolutionProperties) = preSolution
		HideSolutionNode = FALSE
	EndGlobalSection
	GlobalSection(MonoDevelopProperties) = preSolution
		StartupItem = Assembly-CSharp.csproj
	EndGlobalSection
EndGlobal
