Microsoft Visual Studio Solution File, Format Version 11.00
# Visual Studio 2008

Project("{AC1BDE50-3133-CF2A-84AB-5141A1F2264A}") = "Slalom-HoloChess", "Assembly-CSharp.csproj", "{A68CF7E8-8098-9061-EF5B-398827369C0A}"
EndProject
Global
	GlobalSection(SolutionConfigurationPlatforms) = preSolution
		Debug|Any CPU = Debug|Any CPU
		Release|Any CPU = Release|Any CPU
	EndGlobalSection
	GlobalSection(ProjectConfigurationPlatforms) = postSolution
		{A68CF7E8-8098-9061-EF5B-398827369C0A}.Debug|Any CPU.ActiveCfg = Debug|Any CPU
		{A68CF7E8-8098-9061-EF5B-398827369C0A}.Debug|Any CPU.Build.0 = Debug|Any CPU
		{A68CF7E8-8098-9061-EF5B-398827369C0A}.Release|Any CPU.ActiveCfg = Release|Any CPU
		{A68CF7E8-8098-9061-EF5B-398827369C0A}.Release|Any CPU.Build.0 = Release|Any CPU
	EndGlobalSection
	GlobalSection(SolutionProperties) = preSolution
		HideSolutionNode = FALSE
	EndGlobalSection
	GlobalSection(MonoDevelopProperties) = preSolution
		StartupItem = Assembly-CSharp.csproj
	EndGlobalSection
EndGlobal
